
Microsoft Visual Studio Solution File, Format Version 12.00
# Visual Studio Version 17
VisualStudioVersion = 17.11.35327.3
MinimumVisualStudioVersion = 10.0.40219.1
Project("{9A19103F-16F7-4668-BE54-9A1E7A4F7556}") = "LibraryManagementGUI", "LibraryManagementGUI\LibraryManagementGUI.csproj", "{EC0801B3-307E-40A2-BBDC-4F4168A6582A}"
EndProject
Project("{FAE04EC0-301F-11D3-BF4B-00C04F79EFBC}") = "Repositories", "Repositories\Repositories.csproj", "{B9EC56D2-2CCD-4219-8106-83AB3AF133C0}"
EndProject
Project("{FAE04EC0-301F-11D3-BF4B-00C04F79EFBC}") = "Services", "Services\Services.csproj", "{D23F34A3-A960-41B8-BAB9-7482D3581C28}"
EndProject
Global
	GlobalSection(SolutionConfigurationPlatforms) = preSolution
		Debug|Any CPU = Debug|Any CPU
		Release|Any CPU = Release|Any CPU
	EndGlobalSection
	GlobalSection(ProjectConfigurationPlatforms) = postSolution
		{EC0801B3-307E-40A2-BBDC-4F4168A6582A}.Debug|Any CPU.ActiveCfg = Debug|Any CPU
		{EC0801B3-307E-40A2-BBDC-4F4168A6582A}.Debug|Any CPU.Build.0 = Debug|Any CPU
		{EC0801B3-307E-40A2-BBDC-4F4168A6582A}.Release|Any CPU.ActiveCfg = Release|Any CPU
		{EC0801B3-307E-40A2-BBDC-4F4168A6582A}.Release|Any CPU.Build.0 = Release|Any CPU
		{B9EC56D2-2CCD-4219-8106-83AB3AF133C0}.Debug|Any CPU.ActiveCfg = Debug|Any CPU
		{B9EC56D2-2CCD-4219-8106-83AB3AF133C0}.Debug|Any CPU.Build.0 = Debug|Any CPU
		{B9EC56D2-2CCD-4219-8106-83AB3AF133C0}.Release|Any CPU.ActiveCfg = Release|Any CPU
		{B9EC56D2-2CCD-4219-8106-83AB3AF133C0}.Release|Any CPU.Build.0 = Release|Any CPU
		{D23F34A3-A960-41B8-BAB9-7482D3581C28}.Debug|Any CPU.ActiveCfg = Debug|Any CPU
		{D23F34A3-A960-41B8-BAB9-7482D3581C28}.Debug|Any CPU.Build.0 = Debug|Any CPU
		{D23F34A3-A960-41B8-BAB9-7482D3581C28}.Release|Any CPU.ActiveCfg = Release|Any CPU
		{D23F34A3-A960-41B8-BAB9-7482D3581C28}.Release|Any CPU.Build.0 = Release|Any CPU
	EndGlobalSection
	GlobalSection(SolutionProperties) = preSolution
		HideSolutionNode = FALSE
	EndGlobalSection
	GlobalSection(ExtensibilityGlobals) = postSolution
		SolutionGuid = {2257F6C3-5D8C-42FF-85CE-E642E017A203}
	EndGlobalSection
EndGlobal
